
Microsoft Visual Studio Solution File, Format Version 12.00
# Visual Studio Version 16
VisualStudioVersion = 16.0.29709.97
MinimumVisualStudioVersion = 10.0.40219.1
Project("{FAE04EC0-301F-11D3-BF4B-00C04F79EFBC}") = "Incapsulation.Weights", "Incapsulation.Weights.csproj", "{807FB294-5361-4C8D-89CA-A3853EF58C62}"
EndProject
Global
	GlobalSection(SolutionConfigurationPlatforms) = preSolution
		Debug|Any CPU = Debug|Any CPU
		Release|Any CPU = Release|Any CPU
	EndGlobalSection
	GlobalSection(ProjectConfigurationPlatforms) = postSolution
		{807FB294-5361-4C8D-89CA-A3853EF58C62}.Debug|Any CPU.ActiveCfg = Debug|Any CPU
		{807FB294-5361-4C8D-89CA-A3853EF58C62}.Debug|Any CPU.Build.0 = Debug|Any CPU
		{807FB294-5361-4C8D-89CA-A3853EF58C62}.Release|Any CPU.ActiveCfg = Release|Any CPU
		{807FB294-5361-4C8D-89CA-A3853EF58C62}.Release|Any CPU.Build.0 = Release|Any CPU
	EndGlobalSection
	GlobalSection(SolutionProperties) = preSolution
		HideSolutionNode = FALSE
	EndGlobalSection
	GlobalSection(ExtensibilityGlobals) = postSolution
		SolutionGuid = {8A2AE4A0-A484-478E-99EE-1222CD42234A}
	EndGlobalSection
EndGlobal
